
Microsoft Visual Studio Solution File, Format Version 12.00
# Visual Studio Version 17
VisualStudioVersion = 17.1.32228.430
MinimumVisualStudioVersion = 10.0.40219.1
Project("{2150E333-8FDC-42A3-9474-1A3956D46DE8}") = "Services", "Services", "{7FF10714-ACD7-4428-8EC0-DEA5610E8536}"
EndProject
Project("{2150E333-8FDC-42A3-9474-1A3956D46DE8}") = "WebApps", "WebApps", "{A1C11A78-EFEC-49BA-A5C9-596A865600CD}"
EndProject
Project("{2150E333-8FDC-42A3-9474-1A3956D46DE8}") = "Cadastros", "Cadastros", "{228256F0-7BD0-43EC-A861-352095DF4D8E}"
EndProject
Project("{2150E333-8FDC-42A3-9474-1A3956D46DE8}") = "Core", "Core", "{03D9C59E-5D4A-406B-9741-5021AF93E944}"
EndProject
Project("{2150E333-8FDC-42A3-9474-1A3956D46DE8}") = "Catalogo", "Catalogo", "{4B8A6353-7F48-489B-8FE8-45C843CF7653}"
EndProject
Project("{2150E333-8FDC-42A3-9474-1A3956D46DE8}") = "Fiscal", "Fiscal", "{47A53178-4E4A-42EE-9087-15828E6D5EF4}"
EndProject
Project("{2150E333-8FDC-42A3-9474-1A3956D46DE8}") = "Pagamentos", "Pagamentos", "{13CA085D-D509-45FB-B898-142CE665AB9E}"
EndProject
Project("{2150E333-8FDC-42A3-9474-1A3956D46DE8}") = "Vendas", "Vendas", "{0C178AAC-E136-480A-A2E9-DDD8698DB6C5}"
EndProject
Project("{9A19103F-16F7-4668-BE54-9A1E7A4F7556}") = "NerdStore.Catalogo.Domain", "src\NerdStore.Catalogo.Domain\NerdStore.Catalogo.Domain.csproj", "{E32DEC93-CD63-4C97-89FA-F28632DA6093}"
EndProject
Project("{9A19103F-16F7-4668-BE54-9A1E7A4F7556}") = "NerdStore.Core", "src\NerdStore.Core\NerdStore.Core.csproj", "{8CDA1A35-C7E1-4173-912D-4803DE7426ED}"
EndProject
Project("{2150E333-8FDC-42A3-9474-1A3956D46DE8}") = "Tests", "Tests", "{2001D10B-9376-4002-8315-8FD777F84B61}"
EndProject
Project("{9A19103F-16F7-4668-BE54-9A1E7A4F7556}") = "NerdStore.Catalogo.Domain.Tests", "tests\NerdStore.Catalogo.Domain.Tests\NerdStore.Catalogo.Domain.Tests.csproj", "{5BDDEE8B-EED8-44CA-885E-9C12C2C12E70}"
EndProject
Project("{9A19103F-16F7-4668-BE54-9A1E7A4F7556}") = "NerdStore.Catalogo.Data", "src\NerdStore.Catalogo.Data\NerdStore.Catalogo.Data.csproj", "{BCF8A7D4-2A6E-4FDB-9AB8-DEC2D7C8B47A}"
EndProject
Project("{9A19103F-16F7-4668-BE54-9A1E7A4F7556}") = "NerdStore.Catalogo.Application", "src\NerdStore.Catalogo.Application\NerdStore.Catalogo.Application.csproj", "{055A41F7-FC2A-4D59-9B04-B876D7F6251A}"
EndProject
Project("{9A19103F-16F7-4668-BE54-9A1E7A4F7556}") = "NerdStore.WebApp.MVC", "src\NerdStore.WebApp.MVC\NerdStore.WebApp.MVC.csproj", "{0A541D06-A9BD-48AB-944B-C69F242B066D}"
EndProject
Project("{9A19103F-16F7-4668-BE54-9A1E7A4F7556}") = "NerdStore.Vendas.Domain", "src\NerdStore.Vendas.Domain\NerdStore.Vendas.Domain.csproj", "{32538170-08C1-4B3A-9B39-97870FD7D58C}"
EndProject
Project("{9A19103F-16F7-4668-BE54-9A1E7A4F7556}") = "NerdStore.Vendas.Application", "src\NerdStore.Vendas.Application\NerdStore.Vendas.Application.csproj", "{37ABC776-00A9-4C15-BCA5-4B8E3B69CE1B}"
EndProject
Project("{9A19103F-16F7-4668-BE54-9A1E7A4F7556}") = "NerdStore.Vendas.Data", "src\NerdStore.Vendas.Data\NerdStore.Vendas.Data.csproj", "{2399976D-F455-41DD-9D84-0878EC83DF68}"
EndProject
Project("{FAE04EC0-301F-11D3-BF4B-00C04F79EFBC}") = "NerdStore.Pagamentos.AntiCorruption", "src\NerdStore.Pagamentos.AntiCorruption\NerdStore.Pagamentos.AntiCorruption.csproj", "{F31963C1-068D-4B9D-97A9-0AE423AC569E}"
EndProject
Project("{FAE04EC0-301F-11D3-BF4B-00C04F79EFBC}") = "NerdStore.Pagamentos.Business", "src\NerdStore.Pagamentos.Business\NerdStore.Pagamentos.Business.csproj", "{13EB0E5A-F2B3-420F-8A87-DBFAD2F911DE}"
EndProject
Project("{FAE04EC0-301F-11D3-BF4B-00C04F79EFBC}") = "NerdStore.Pagamentos.Data", "src\NerdStore.Pagamentos.Data\NerdStore.Pagamentos.Data.csproj", "{69ED85E7-67ED-4B04-828A-96570C48AA3E}"
EndProject
Global
	GlobalSection(SolutionConfigurationPlatforms) = preSolution
		Debug|Any CPU = Debug|Any CPU
		Release|Any CPU = Release|Any CPU
	EndGlobalSection
	GlobalSection(ProjectConfigurationPlatforms) = postSolution
		{E32DEC93-CD63-4C97-89FA-F28632DA6093}.Debug|Any CPU.ActiveCfg = Debug|Any CPU
		{E32DEC93-CD63-4C97-89FA-F28632DA6093}.Debug|Any CPU.Build.0 = Debug|Any CPU
		{E32DEC93-CD63-4C97-89FA-F28632DA6093}.Release|Any CPU.ActiveCfg = Release|Any CPU
		{E32DEC93-CD63-4C97-89FA-F28632DA6093}.Release|Any CPU.Build.0 = Release|Any CPU
		{8CDA1A35-C7E1-4173-912D-4803DE7426ED}.Debug|Any CPU.ActiveCfg = Debug|Any CPU
		{8CDA1A35-C7E1-4173-912D-4803DE7426ED}.Debug|Any CPU.Build.0 = Debug|Any CPU
		{8CDA1A35-C7E1-4173-912D-4803DE7426ED}.Release|Any CPU.ActiveCfg = Release|Any CPU
		{8CDA1A35-C7E1-4173-912D-4803DE7426ED}.Release|Any CPU.Build.0 = Release|Any CPU
		{5BDDEE8B-EED8-44CA-885E-9C12C2C12E70}.Debug|Any CPU.ActiveCfg = Debug|Any CPU
		{5BDDEE8B-EED8-44CA-885E-9C12C2C12E70}.Debug|Any CPU.Build.0 = Debug|Any CPU
		{5BDDEE8B-EED8-44CA-885E-9C12C2C12E70}.Release|Any CPU.ActiveCfg = Release|Any CPU
		{5BDDEE8B-EED8-44CA-885E-9C12C2C12E70}.Release|Any CPU.Build.0 = Release|Any CPU
		{BCF8A7D4-2A6E-4FDB-9AB8-DEC2D7C8B47A}.Debug|Any CPU.ActiveCfg = Debug|Any CPU
		{BCF8A7D4-2A6E-4FDB-9AB8-DEC2D7C8B47A}.Debug|Any CPU.Build.0 = Debug|Any CPU
		{BCF8A7D4-2A6E-4FDB-9AB8-DEC2D7C8B47A}.Release|Any CPU.ActiveCfg = Release|Any CPU
		{BCF8A7D4-2A6E-4FDB-9AB8-DEC2D7C8B47A}.Release|Any CPU.Build.0 = Release|Any CPU
		{055A41F7-FC2A-4D59-9B04-B876D7F6251A}.Debug|Any CPU.ActiveCfg = Debug|Any CPU
		{055A41F7-FC2A-4D59-9B04-B876D7F6251A}.Debug|Any CPU.Build.0 = Debug|Any CPU
		{055A41F7-FC2A-4D59-9B04-B876D7F6251A}.Release|Any CPU.ActiveCfg = Release|Any CPU
		{055A41F7-FC2A-4D59-9B04-B876D7F6251A}.Release|Any CPU.Build.0 = Release|Any CPU
		{0A541D06-A9BD-48AB-944B-C69F242B066D}.Debug|Any CPU.ActiveCfg = Debug|Any CPU
		{0A541D06-A9BD-48AB-944B-C69F242B066D}.Debug|Any CPU.Build.0 = Debug|Any CPU
		{0A541D06-A9BD-48AB-944B-C69F242B066D}.Release|Any CPU.ActiveCfg = Release|Any CPU
		{0A541D06-A9BD-48AB-944B-C69F242B066D}.Release|Any CPU.Build.0 = Release|Any CPU
		{32538170-08C1-4B3A-9B39-97870FD7D58C}.Debug|Any CPU.ActiveCfg = Debug|Any CPU
		{32538170-08C1-4B3A-9B39-97870FD7D58C}.Debug|Any CPU.Build.0 = Debug|Any CPU
		{32538170-08C1-4B3A-9B39-97870FD7D58C}.Release|Any CPU.ActiveCfg = Release|Any CPU
		{32538170-08C1-4B3A-9B39-97870FD7D58C}.Release|Any CPU.Build.0 = Release|Any CPU
		{37ABC776-00A9-4C15-BCA5-4B8E3B69CE1B}.Debug|Any CPU.ActiveCfg = Debug|Any CPU
		{37ABC776-00A9-4C15-BCA5-4B8E3B69CE1B}.Debug|Any CPU.Build.0 = Debug|Any CPU
		{37ABC776-00A9-4C15-BCA5-4B8E3B69CE1B}.Release|Any CPU.ActiveCfg = Release|Any CPU
		{37ABC776-00A9-4C15-BCA5-4B8E3B69CE1B}.Release|Any CPU.Build.0 = Release|Any CPU
		{2399976D-F455-41DD-9D84-0878EC83DF68}.Debug|Any CPU.ActiveCfg = Debug|Any CPU
		{2399976D-F455-41DD-9D84-0878EC83DF68}.Debug|Any CPU.Build.0 = Debug|Any CPU
		{2399976D-F455-41DD-9D84-0878EC83DF68}.Release|Any CPU.ActiveCfg = Release|Any CPU
		{2399976D-F455-41DD-9D84-0878EC83DF68}.Release|Any CPU.Build.0 = Release|Any CPU
		{F31963C1-068D-4B9D-97A9-0AE423AC569E}.Debug|Any CPU.ActiveCfg = Debug|Any CPU
		{F31963C1-068D-4B9D-97A9-0AE423AC569E}.Debug|Any CPU.Build.0 = Debug|Any CPU
		{F31963C1-068D-4B9D-97A9-0AE423AC569E}.Release|Any CPU.ActiveCfg = Release|Any CPU
		{F31963C1-068D-4B9D-97A9-0AE423AC569E}.Release|Any CPU.Build.0 = Release|Any CPU
		{13EB0E5A-F2B3-420F-8A87-DBFAD2F911DE}.Debug|Any CPU.ActiveCfg = Debug|Any CPU
		{13EB0E5A-F2B3-420F-8A87-DBFAD2F911DE}.Debug|Any CPU.Build.0 = Debug|Any CPU
		{13EB0E5A-F2B3-420F-8A87-DBFAD2F911DE}.Release|Any CPU.ActiveCfg = Release|Any CPU
		{13EB0E5A-F2B3-420F-8A87-DBFAD2F911DE}.Release|Any CPU.Build.0 = Release|Any CPU
		{69ED85E7-67ED-4B04-828A-96570C48AA3E}.Debug|Any CPU.ActiveCfg = Debug|Any CPU
		{69ED85E7-67ED-4B04-828A-96570C48AA3E}.Debug|Any CPU.Build.0 = Debug|Any CPU
		{69ED85E7-67ED-4B04-828A-96570C48AA3E}.Release|Any CPU.ActiveCfg = Release|Any CPU
		{69ED85E7-67ED-4B04-828A-96570C48AA3E}.Release|Any CPU.Build.0 = Release|Any CPU
	EndGlobalSection
	GlobalSection(SolutionProperties) = preSolution
		HideSolutionNode = FALSE
	EndGlobalSection
	GlobalSection(NestedProjects) = preSolution
		{228256F0-7BD0-43EC-A861-352095DF4D8E} = {7FF10714-ACD7-4428-8EC0-DEA5610E8536}
		{03D9C59E-5D4A-406B-9741-5021AF93E944} = {7FF10714-ACD7-4428-8EC0-DEA5610E8536}
		{4B8A6353-7F48-489B-8FE8-45C843CF7653} = {7FF10714-ACD7-4428-8EC0-DEA5610E8536}
		{47A53178-4E4A-42EE-9087-15828E6D5EF4} = {7FF10714-ACD7-4428-8EC0-DEA5610E8536}
		{13CA085D-D509-45FB-B898-142CE665AB9E} = {7FF10714-ACD7-4428-8EC0-DEA5610E8536}
		{0C178AAC-E136-480A-A2E9-DDD8698DB6C5} = {7FF10714-ACD7-4428-8EC0-DEA5610E8536}
		{E32DEC93-CD63-4C97-89FA-F28632DA6093} = {4B8A6353-7F48-489B-8FE8-45C843CF7653}
		{8CDA1A35-C7E1-4173-912D-4803DE7426ED} = {03D9C59E-5D4A-406B-9741-5021AF93E944}
		{2001D10B-9376-4002-8315-8FD777F84B61} = {4B8A6353-7F48-489B-8FE8-45C843CF7653}
		{5BDDEE8B-EED8-44CA-885E-9C12C2C12E70} = {2001D10B-9376-4002-8315-8FD777F84B61}
		{BCF8A7D4-2A6E-4FDB-9AB8-DEC2D7C8B47A} = {4B8A6353-7F48-489B-8FE8-45C843CF7653}
		{055A41F7-FC2A-4D59-9B04-B876D7F6251A} = {4B8A6353-7F48-489B-8FE8-45C843CF7653}
		{0A541D06-A9BD-48AB-944B-C69F242B066D} = {A1C11A78-EFEC-49BA-A5C9-596A865600CD}
		{32538170-08C1-4B3A-9B39-97870FD7D58C} = {0C178AAC-E136-480A-A2E9-DDD8698DB6C5}
		{37ABC776-00A9-4C15-BCA5-4B8E3B69CE1B} = {0C178AAC-E136-480A-A2E9-DDD8698DB6C5}
		{2399976D-F455-41DD-9D84-0878EC83DF68} = {0C178AAC-E136-480A-A2E9-DDD8698DB6C5}
		{F31963C1-068D-4B9D-97A9-0AE423AC569E} = {13CA085D-D509-45FB-B898-142CE665AB9E}
		{13EB0E5A-F2B3-420F-8A87-DBFAD2F911DE} = {13CA085D-D509-45FB-B898-142CE665AB9E}
		{69ED85E7-67ED-4B04-828A-96570C48AA3E} = {13CA085D-D509-45FB-B898-142CE665AB9E}
	EndGlobalSection
	GlobalSection(ExtensibilityGlobals) = postSolution
		SolutionGuid = {937899A2-D9B1-4AE5-ACA4-6B77E63B8136}
	EndGlobalSection
EndGlobal
